// !$*UTF8*$!
{
	archiveVersion = 1;
	classes = {
	};
	objectVersion = 46;
	objects = {

/* Begin PBXBuildFile section */
		7E28BADA204D0E5800566D53 /* AppDelegate.swift in Sources */ = {isa = PBXBuildFile; fileRef = 7E28BAD9204D0E5800566D53 /* AppDelegate.swift */; };
		7E28BADC204D0E5800566D53 /* ViewController.swift in Sources */ = {isa = PBXBuildFile; fileRef = 7E28BADB204D0E5800566D53 /* ViewController.swift */; };
		7E28BADF204D0E5800566D53 /* Main.storyboard in Resources */ = {isa = PBXBuildFile; fileRef = 7E28BADD204D0E5800566D53 /* Main.storyboard */; };
		7E28BAE1204D0E5800566D53 /* Assets.xcassets in Resources */ = {isa = PBXBuildFile; fileRef = 7E28BAE0204D0E5800566D53 /* Assets.xcassets */; };
		7E28BAE4204D0E5800566D53 /* LaunchScreen.storyboard in Resources */ = {isa = PBXBuildFile; fileRef = 7E28BAE2204D0E5800566D53 /* LaunchScreen.storyboard */; };
		7E28BAEF204D0E5800566D53 /* TinderTests.swift in Sources */ = {isa = PBXBuildFile; fileRef = 7E28BAEE204D0E5800566D53 /* TinderTests.swift */; };
		7E28BAFA204D0E5800566D53 /* TinderUITests.swift in Sources */ = {isa = PBXBuildFile; fileRef = 7E28BAF9204D0E5800566D53 /* TinderUITests.swift */; };
/* End PBXBuildFile section */

/* Begin PBXContainerItemProxy section */
		7E28BAEB204D0E5800566D53 /* PBXContainerItemProxy */ = {
			isa = PBXContainerItemProxy;
			containerPortal = 7E28BACE204D0E5800566D53 /* Project object */;
			proxyType = 1;
			remoteGlobalIDString = 7E28BAD5204D0E5800566D53;
			remoteInfo = Tinder;
		};
		7E28BAF6204D0E5800566D53 /* PBXContainerItemProxy */ = {
			isa = PBXContainerItemProxy;
			containerPortal = 7E28BACE204D0E5800566D53 /* Project object */;
			proxyType = 1;
			remoteGlobalIDString = 7E28BAD5204D0E5800566D53;
			remoteInfo = Tinder;
		};
/* End PBXContainerItemProxy section */

/* Begin PBXFileReference section */
		7E28BAD6204D0E5800566D53 /* Tinder.app */ = {isa = PBXFileReference; explicitFileType = wrapper.application; includeInIndex = 0; path = Tinder.app; sourceTree = BUILT_PRODUCTS_DIR; };
		7E28BAD9204D0E5800566D53 /* AppDelegate.swift */ = {isa = PBXFileReference; lastKnownFileType = sourcecode.swift; path = AppDelegate.swift; sourceTree = "<group>"; };
		7E28BADB204D0E5800566D53 /* ViewController.swift */ = {isa = PBXFileReference; lastKnownFileType = sourcecode.swift; path = ViewController.swift; sourceTree = "<group>"; };
		7E28BADE204D0E5800566D53 /* Base */ = {isa = PBXFileReference; lastKnownFileType = file.storyboard; name = Base; path = Base.lproj/Main.storyboard; sourceTree = "<group>"; };
		7E28BAE0204D0E5800566D53 /* Assets.xcassets */ = {isa = PBXFileReference; lastKnownFileType = folder.assetcatalog; path = Assets.xcassets; sourceTree = "<group>"; };
		7E28BAE3204D0E5800566D53 /* Base */ = {isa = PBXFileReference; lastKnownFileType = file.storyboard; name = Base; path = Base.lproj/LaunchScreen.storyboard; sourceTree = "<group>"; };
		7E28BAE5204D0E5800566D53 /* Info.plist */ = {isa = PBXFileReference; lastKnownFileType = text.plist.xml; path = Info.plist; sourceTree = "<group>"; };
		7E28BAEA204D0E5800566D53 /* TinderTests.xctest */ = {isa = PBXFileReference; explicitFileType = wrapper.cfbundle; includeInIndex = 0; path = TinderTests.xctest; sourceTree = BUILT_PRODUCTS_DIR; };
		7E28BAEE204D0E5800566D53 /* TinderTests.swift */ = {isa = PBXFileReference; lastKnownFileType = sourcecode.swift; path = TinderTests.swift; sourceTree = "<group>"; };
		7E28BAF0204D0E5800566D53 /* Info.plist */ = {isa = PBXFileReference; lastKnownFileType = text.plist.xml; path = Info.plist; sourceTree = "<group>"; };
		7E28BAF5204D0E5800566D53 /* TinderUITests.xctest */ = {isa = PBXFileReference; explicitFileType = wrapper.cfbundle; includeInIndex = 0; path = TinderUITests.xctest; sourceTree = BUILT_PRODUCTS_DIR; };
		7E28BAF9204D0E5800566D53 /* TinderUITests.swift */ = {isa = PBXFileReference; lastKnownFileType = sourcecode.swift; path = TinderUITests.swift; sourceTree = "<group>"; };
		7E28BAFB204D0E5800566D53 /* Info.plist */ = {isa = PBXFileReference; lastKnownFileType = text.plist.xml; path = Info.plist; sourceTree = "<group>"; };
/* End PBXFileReference section */

/* Begin PBXFrameworksBuildPhase section */
		7E28BAD3204D0E5800566D53 /* Frameworks */ = {
			isa = PBXFrameworksBuildPhase;
			buildActionMask = 2147483647;
			files = (
			);
			runOnlyForDeploymentPostprocessing = 0;
		};
		7E28BAE7204D0E5800566D53 /* Frameworks */ = {
			isa = PBXFrameworksBuildPhase;
			buildActionMask = 2147483647;
			files = (
			);
			runOnlyForDeploymentPostprocessing = 0;
		};
		7E28BAF2204D0E5800566D53 /* Frameworks */ = {
			isa = PBXFrameworksBuildPhase;
			buildActionMask = 2147483647;
			files = (
			);
			runOnlyForDeploymentPostprocessing = 0;
		};
/* End PBXFrameworksBuildPhase section */

/* Begin PBXGroup section */
		7E28BACD204D0E5800566D53 = {
			isa = PBXGroup;
			children = (
				7E28BAD8204D0E5800566D53 /* Tinder */,
				7E28BAED204D0E5800566D53 /* TinderTests */,
				7E28BAF8204D0E5800566D53 /* TinderUITests */,
				7E28BAD7204D0E5800566D53 /* Products */,
			);
			sourceTree = "<group>";
		};
		7E28BAD7204D0E5800566D53 /* Products */ = {
			isa = PBXGroup;
			children = (
				7E28BAD6204D0E5800566D53 /* Tinder.app */,
				7E28BAEA204D0E5800566D53 /* TinderTests.xctest */,
				7E28BAF5204D0E5800566D53 /* TinderUITests.xctest */,
			);
			name = Products;
			sourceTree = "<group>";
		};
		7E28BAD8204D0E5800566D53 /* Tinder */ = {
			isa = PBXGroup;
			children = (
				7E28BAD9204D0E5800566D53 /* AppDelegate.swift */,
				7E28BADB204D0E5800566D53 /* ViewController.swift */,
				7E28BADD204D0E5800566D53 /* Main.storyboard */,
				7E28BAE0204D0E5800566D53 /* Assets.xcassets */,
				7E28BAE2204D0E5800566D53 /* LaunchScreen.storyboard */,
				7E28BAE5204D0E5800566D53 /* Info.plist */,
			);
			path = Tinder;
			sourceTree = "<group>";
		};
		7E28BAED204D0E5800566D53 /* TinderTests */ = {
			isa = PBXGroup;
			children = (
				7E28BAEE204D0E5800566D53 /* TinderTests.swift */,
				7E28BAF0204D0E5800566D53 /* Info.plist */,
			);
			path = TinderTests;
			sourceTree = "<group>";
		};
		7E28BAF8204D0E5800566D53 /* TinderUITests */ = {
			isa = PBXGroup;
			children = (
				7E28BAF9204D0E5800566D53 /* TinderUITests.swift */,
				7E28BAFB204D0E5800566D53 /* Info.plist */,
			);
			path = TinderUITests;
			sourceTree = "<group>";
		};
/* End PBXGroup section */

/* Begin PBXNativeTarget section */
		7E28BAD5204D0E5800566D53 /* Tinder */ = {
			isa = PBXNativeTarget;
			buildConfigurationList = 7E28BAFE204D0E5800566D53 /* Build configuration list for PBXNativeTarget "Tinder" */;
			buildPhases = (
				7E28BAD2204D0E5800566D53 /* Sources */,
				7E28BAD3204D0E5800566D53 /* Frameworks */,
				7E28BAD4204D0E5800566D53 /* Resources */,
			);
			buildRules = (
			);
			dependencies = (
			);
			name = Tinder;
			productName = Tinder;
			productReference = 7E28BAD6204D0E5800566D53 /* Tinder.app */;
			productType = "com.apple.product-type.application";
		};
		7E28BAE9204D0E5800566D53 /* TinderTests */ = {
			isa = PBXNativeTarget;
			buildConfigurationList = 7E28BB01204D0E5800566D53 /* Build configuration list for PBXNativeTarget "TinderTests" */;
			buildPhases = (
				7E28BAE6204D0E5800566D53 /* Sources */,
				7E28BAE7204D0E5800566D53 /* Frameworks */,
				7E28BAE8204D0E5800566D53 /* Resources */,
			);
			buildRules = (
			);
			dependencies = (
				7E28BAEC204D0E5800566D53 /* PBXTargetDependency */,
			);
			name = TinderTests;
			productName = TinderTests;
			productReference = 7E28BAEA204D0E5800566D53 /* TinderTests.xctest */;
			productType = "com.apple.product-type.bundle.unit-test";
		};
		7E28BAF4204D0E5800566D53 /* TinderUITests */ = {
			isa = PBXNativeTarget;
			buildConfigurationList = 7E28BB04204D0E5800566D53 /* Build configuration list for PBXNativeTarget "TinderUITests" */;
			buildPhases = (
				7E28BAF1204D0E5800566D53 /* Sources */,
				7E28BAF2204D0E5800566D53 /* Frameworks */,
				7E28BAF3204D0E5800566D53 /* Resources */,
			);
			buildRules = (
			);
			dependencies = (
				7E28BAF7204D0E5800566D53 /* PBXTargetDependency */,
			);
			name = TinderUITests;
			productName = TinderUITests;
			productReference = 7E28BAF5204D0E5800566D53 /* TinderUITests.xctest */;
			productType = "com.apple.product-type.bundle.ui-testing";
		};
/* End PBXNativeTarget section */

/* Begin PBXProject section */
		7E28BACE204D0E5800566D53 /* Project object */ = {
			isa = PBXProject;
			attributes = {
				LastSwiftUpdateCheck = 0830;
				LastUpgradeCheck = 0830;
				ORGANIZATIONNAME = "Rohan Gupta";
				TargetAttributes = {
					7E28BAD5204D0E5800566D53 = {
						CreatedOnToolsVersion = 8.3.2;
						DevelopmentTeam = 7UKB592U89;
						ProvisioningStyle = Automatic;
					};
					7E28BAE9204D0E5800566D53 = {
						CreatedOnToolsVersion = 8.3.2;
						DevelopmentTeam = 7UKB592U89;
						ProvisioningStyle = Automatic;
						TestTargetID = 7E28BAD5204D0E5800566D53;
					};
					7E28BAF4204D0E5800566D53 = {
						CreatedOnToolsVersion = 8.3.2;
						DevelopmentTeam = 7UKB592U89;
						ProvisioningStyle = Automatic;
						TestTargetID = 7E28BAD5204D0E5800566D53;
					};
				};
			};
			buildConfigurationList = 7E28BAD1204D0E5800566D53 /* Build configuration list for PBXProject "Tinder" */;
			compatibilityVersion = "Xcode 3.2";
			developmentRegion = English;
			hasScannedForEncodings = 0;
			knownRegions = (
				en,
				Base,
			);
			mainGroup = 7E28BACD204D0E5800566D53;
			productRefGroup = 7E28BAD7204D0E5800566D53 /* Products */;
			projectDirPath = "";
			projectRoot = "";
			targets = (
				7E28BAD5204D0E5800566D53 /* Tinder */,
				7E28BAE9204D0E5800566D53 /* TinderTests */,
				7E28BAF4204D0E5800566D53 /* TinderUITests */,
			);
		};
/* End PBXProject section */

/* Begin PBXResourcesBuildPhase section */
		7E28BAD4204D0E5800566D53 /* Resources */ = {
			isa = PBXResourcesBuildPhase;
			buildActionMask = 2147483647;
			files = (
				7E28BAE4204D0E5800566D53 /* LaunchScreen.storyboard in Resources */,
				7E28BAE1204D0E5800566D53 /* Assets.xcassets in Resources */,
				7E28BADF204D0E5800566D53 /* Main.storyboard in Resources */,
			);
			runOnlyForDeploymentPostprocessing = 0;
		};
		7E28BAE8204D0E5800566D53 /* Resources */ = {
			isa = PBXResourcesBuildPhase;
			buildActionMask = 2147483647;
			files = (
			);
			runOnlyForDeploymentPostprocessing = 0;
		};
		7E28BAF3204D0E5800566D53 /* Resources */ = {
			isa = PBXResourcesBuildPhase;
			buildActionMask = 2147483647;
			files = (
			);
			runOnlyForDeploymentPostprocessing = 0;
		};
/* End PBXResourcesBuildPhase section */

/* Begin PBXSourcesBuildPhase section */
		7E28BAD2204D0E5800566D53 /* Sources */ = {
			isa = PBXSourcesBuildPhase;
			buildActionMask = 2147483647;
			files = (
				7E28BADC204D0E5800566D53 /* ViewController.swift in Sources */,
				7E28BADA204D0E5800566D53 /* AppDelegate.swift in Sources */,
			);
			runOnlyForDeploymentPostprocessing = 0;
		};
		7E28BAE6204D0E5800566D53 /* Sources */ = {
			isa = PBXSourcesBuildPhase;
			buildActionMask = 2147483647;
			files = (
				7E28BAEF204D0E5800566D53 /* TinderTests.swift in Sources */,
			);
			runOnlyForDeploymentPostprocessing = 0;
		};
		7E28BAF1204D0E5800566D53 /* Sources */ = {
			isa = PBXSourcesBuildPhase;
			buildActionMask = 2147483647;
			files = (
				7E28BAFA204D0E5800566D53 /* TinderUITests.swift in Sources */,
			);
			runOnlyForDeploymentPostprocessing = 0;
		};
/* End PBXSourcesBuildPhase section */

/* Begin PBXTargetDependency section */
		7E28BAEC204D0E5800566D53 /* PBXTargetDependency */ = {
			isa = PBXTargetDependency;
			target = 7E28BAD5204D0E5800566D53 /* Tinder */;
			targetProxy = 7E28BAEB204D0E5800566D53 /* PBXContainerItemProxy */;
		};
		7E28BAF7204D0E5800566D53 /* PBXTargetDependency */ = {
			isa = PBXTargetDependency;
			target = 7E28BAD5204D0E5800566D53 /* Tinder */;
			targetProxy = 7E28BAF6204D0E5800566D53 /* PBXContainerItemProxy */;
		};
/* End PBXTargetDependency section */

/* Begin PBXVariantGroup section */
		7E28BADD204D0E5800566D53 /* Main.storyboard */ = {
			isa = PBXVariantGroup;
			children = (
				7E28BADE204D0E5800566D53 /* Base */,
			);
			name = Main.storyboard;
			sourceTree = "<group>";
		};
		7E28BAE2204D0E5800566D53 /* LaunchScreen.storyboard */ = {
			isa = PBXVariantGroup;
			children = (
				7E28BAE3204D0E5800566D53 /* Base */,
			);
			name = LaunchScreen.storyboard;
			sourceTree = "<group>";
		};
/* End PBXVariantGroup section */

/* Begin XCBuildConfiguration section */
		7E28BAFC204D0E5800566D53 /* Debug */ = {
			isa = XCBuildConfiguration;
			buildSettings = {
				ALWAYS_SEARCH_USER_PATHS = NO;
				CLANG_ANALYZER_NONNULL = YES;
				CLANG_ANALYZER_NUMBER_OBJECT_CONVERSION = YES_AGGRESSIVE;
				CLANG_CXX_LANGUAGE_STANDARD = "gnu++0x";
				CLANG_CXX_LIBRARY = "libc++";
				CLANG_ENABLE_MODULES = YES;
				CLANG_ENABLE_OBJC_ARC = YES;
				CLANG_WARN_BOOL_CONVERSION = YES;
				CLANG_WARN_CONSTANT_CONVERSION = YES;
				CLANG_WARN_DIRECT_OBJC_ISA_USAGE = YES_ERROR;
				CLANG_WARN_DOCUMENTATION_COMMENTS = YES;
				CLANG_WARN_EMPTY_BODY = YES;
				CLANG_WARN_ENUM_CONVERSION = YES;
				CLANG_WARN_INFINITE_RECURSION = YES;
				CLANG_WARN_INT_CONVERSION = YES;
				CLANG_WARN_OBJC_ROOT_CLASS = YES_ERROR;
				CLANG_WARN_SUSPICIOUS_MOVE = YES;
				CLANG_WARN_UNREACHABLE_CODE = YES;
				CLANG_WARN__DUPLICATE_METHOD_MATCH = YES;
				"CODE_SIGN_IDENTITY[sdk=iphoneos*]" = "iPhone Developer";
				COPY_PHASE_STRIP = NO;
				DEBUG_INFORMATION_FORMAT = dwarf;
				ENABLE_STRICT_OBJC_MSGSEND = YES;
				ENABLE_TESTABILITY = YES;
				GCC_C_LANGUAGE_STANDARD = gnu99;
				GCC_DYNAMIC_NO_PIC = NO;
				GCC_NO_COMMON_BLOCKS = YES;
				GCC_OPTIMIZATION_LEVEL = 0;
				GCC_PREPROCESSOR_DEFINITIONS = (
					"DEBUG=1",
					"$(inherited)",
				);
				GCC_WARN_64_TO_32_BIT_CONVERSION = YES;
				GCC_WARN_ABOUT_RETURN_TYPE = YES_ERROR;
				GCC_WARN_UNDECLARED_SELECTOR = YES;
				GCC_WARN_UNINITIALIZED_AUTOS = YES_AGGRESSIVE;
				GCC_WARN_UNUSED_FUNCTION = YES;
				GCC_WARN_UNUSED_VARIABLE = YES;
				IPHONEOS_DEPLOYMENT_TARGET = 10.3;
				MTL_ENABLE_DEBUG_INFO = YES;
				ONLY_ACTIVE_ARCH = YES;
				SDKROOT = iphoneos;
				SWIFT_ACTIVE_COMPILATION_CONDITIONS = DEBUG;
				SWIFT_OPTIMIZATION_LEVEL = "-Onone";
			};
			name = Debug;
		};
		7E28BAFD204D0E5800566D53 /* Release */ = {
			isa = XCBuildConfiguration;
			buildSettings = {
				ALWAYS_SEARCH_USER_PATHS = NO;
				CLANG_ANALYZER_NONNULL = YES;
				CLANG_ANALYZER_NUMBER_OBJECT_CONVERSION = YES_AGGRESSIVE;
				CLANG_CXX_LANGUAGE_STANDARD = "gnu++0x";
				CLANG_CXX_LIBRARY = "libc++";
				CLANG_ENABLE_MODULES = YES;
				CLANG_ENABLE_OBJC_ARC = YES;
				CLANG_WARN_BOOL_CONVERSION = YES;
				CLANG_WARN_CONSTANT_CONVERSION = YES;
				CLANG_WARN_DIRECT_OBJC_ISA_USAGE = YES_ERROR;
				CLANG_WARN_DOCUMENTATION_COMMENTS = YES;
				CLANG_WARN_EMPTY_BODY = YES;
				CLANG_WARN_ENUM_CONVERSION = YES;
				CLANG_WARN_INFINITE_RECURSION = YES;
				CLANG_WARN_INT_CONVERSION = YES;
				CLANG_WARN_OBJC_ROOT_CLASS = YES_ERROR;
				CLANG_WARN_SUSPICIOUS_MOVE = YES;
				CLANG_WARN_UNREACHABLE_CODE = YES;
				CLANG_WARN__DUPLICATE_METHOD_MATCH = YES;
				"CODE_SIGN_IDENTITY[sdk=iphoneos*]" = "iPhone Developer";
				COPY_PHASE_STRIP = NO;
				DEBUG_INFORMATION_FORMAT = "dwarf-with-dsym";
				ENABLE_NS_ASSERTIONS = NO;
				ENABLE_STRICT_OBJC_MSGSEND = YES;
				GCC_C_LANGUAGE_STANDARD = gnu99;
				GCC_NO_COMMON_BLOCKS = YES;
				GCC_WARN_64_TO_32_BIT_CONVERSION = YES;
				GCC_WARN_ABOUT_RETURN_TYPE = YES_ERROR;
				GCC_WARN_UNDECLARED_SELECTOR = YES;
				GCC_WARN_UNINITIALIZED_AUTOS = YES_AGGRESSIVE;
				GCC_WARN_UNUSED_FUNCTION = YES;
				GCC_WARN_UNUSED_VARIABLE = YES;
				IPHONEOS_DEPLOYMENT_TARGET = 10.3;
				MTL_ENABLE_DEBUG_INFO = NO;
				SDKROOT = iphoneos;
				SWIFT_OPTIMIZATION_LEVEL = "-Owholemodule";
				VALIDATE_PRODUCT = YES;
			};
			name = Release;
		};
		7E28BAFF204D0E5800566D53 /* Debug */ = {
			isa = XCBuildConfiguration;
			buildSettings = {
				ASSETCATALOG_COMPILER_APPICON_NAME = AppIcon;
				DEVELOPMENT_TEAM = 7UKB592U89;
				INFOPLIST_FILE = Tinder/Info.plist;
				LD_RUNPATH_SEARCH_PATHS = "$(inherited) @executable_path/Frameworks";
				PRODUCT_BUNDLE_IDENTIFIER = Test.Tinder;
				PRODUCT_NAME = "$(TARGET_NAME)";
				SWIFT_VERSION = 3.0;
			};
			name = Debug;
		};
		7E28BB00204D0E5800566D53 /* Release */ = {
			isa = XCBuildConfiguration;
			buildSettings = {
				ASSETCATALOG_COMPILER_APPICON_NAME = AppIcon;
				DEVELOPMENT_TEAM = 7UKB592U89;
				INFOPLIST_FILE = Tinder/Info.plist;
				LD_RUNPATH_SEARCH_PATHS = "$(inherited) @executable_path/Frameworks";
				PRODUCT_BUNDLE_IDENTIFIER = Test.Tinder;
				PRODUCT_NAME = "$(TARGET_NAME)";
				SWIFT_VERSION = 3.0;
			};
			name = Release;
		};
		7E28BB02204D0E5800566D53 /* Debug */ = {
			isa = XCBuildConfiguration;
			buildSettings = {
				ALWAYS_EMBED_SWIFT_STANDARD_LIBRARIES = YES;
				BUNDLE_LOADER = "$(TEST_HOST)";
				DEVELOPMENT_TEAM = 7UKB592U89;
				INFOPLIST_FILE = TinderTests/Info.plist;
				LD_RUNPATH_SEARCH_PATHS = "$(inherited) @executable_path/Frameworks @loader_path/Frameworks";
				PRODUCT_BUNDLE_IDENTIFIER = Test.TinderTests;
				PRODUCT_NAME = "$(TARGET_NAME)";
				SWIFT_VERSION = 3.0;
				TEST_HOST = "$(BUILT_PRODUCTS_DIR)/Tinder.app/Tinder";
			};
			name = Debug;
		};
		7E28BB03204D0E5800566D53 /* Release */ = {
			isa = XCBuildConfiguration;
			buildSettings = {
				ALWAYS_EMBED_SWIFT_STANDARD_LIBRARIES = YES;
				BUNDLE_LOADER = "$(TEST_HOST)";
				DEVELOPMENT_TEAM = 7UKB592U89;
				INFOPLIST_FILE = TinderTests/Info.plist;
				LD_RUNPATH_SEARCH_PATHS = "$(inherited) @executable_path/Frameworks @loader_path/Frameworks";
				PRODUCT_BUNDLE_IDENTIFIER = Test.TinderTests;
				PRODUCT_NAME = "$(TARGET_NAME)";
				SWIFT_VERSION = 3.0;
				TEST_HOST = "$(BUILT_PRODUCTS_DIR)/Tinder.app/Tinder";
			};
			name = Release;
		};
		7E28BB05204D0E5800566D53 /* Debug */ = {
			isa = XCBuildConfiguration;
			buildSettings = {
				ALWAYS_EMBED_SWIFT_STANDARD_LIBRARIES = YES;
				DEVELOPMENT_TEAM = 7UKB592U89;
				INFOPLIST_FILE = TinderUITests/Info.plist;
				LD_RUNPATH_SEARCH_PATHS = "$(inherited) @executable_path/Frameworks @loader_path/Frameworks";
				PRODUCT_BUNDLE_IDENTIFIER = Test.TinderUITests;
				PRODUCT_NAME = "$(TARGET_NAME)";
				SWIFT_VERSION = 3.0;
				TEST_TARGET_NAME = Tinder;
			};
			name = Debug;
		};
		7E28BB06204D0E5800566D53 /* Release */ = {
			isa = XCBuildConfiguration;
			buildSettings = {
				ALWAYS_EMBED_SWIFT_STANDARD_LIBRARIES = YES;
				DEVELOPMENT_TEAM = 7UKB592U89;
				INFOPLIST_FILE = TinderUITests/Info.plist;
				LD_RUNPATH_SEARCH_PATHS = "$(inherited) @executable_path/Frameworks @loader_path/Frameworks";
				PRODUCT_BUNDLE_IDENTIFIER = Test.TinderUITests;
				PRODUCT_NAME = "$(TARGET_NAME)";
				SWIFT_VERSION = 3.0;
				TEST_TARGET_NAME = Tinder;
			};
			name = Release;
		};
/* End XCBuildConfiguration section */

/* Begin XCConfigurationList section */
		7E28BAD1204D0E5800566D53 /* Build configuration list for PBXProject "Tinder" */ = {
			isa = XCConfigurationList;
			buildConfigurations = (
				7E28BAFC204D0E5800566D53 /* Debug */,
				7E28BAFD204D0E5800566D53 /* Release */,
			);
			defaultConfigurationIsVisible = 0;
			defaultConfigurationName = Release;
		};
		7E28BAFE204D0E5800566D53 /* Build configuration list for PBXNativeTarget "Tinder" */ = {
			isa = XCConfigurationList;
			buildConfigurations = (
				7E28BAFF204D0E5800566D53 /* Debug */,
				7E28BB00204D0E5800566D53 /* Release */,
			);
			defaultConfigurationIsVisible = 0;
		};
		7E28BB01204D0E5800566D53 /* Build configuration list for PBXNativeTarget "TinderTests" */ = {
			isa = XCConfigurationList;
			buildConfigurations = (
				7E28BB02204D0E5800566D53 /* Debug */,
				7E28BB03204D0E5800566D53 /* Release */,
			);
			defaultConfigurationIsVisible = 0;
		};
		7E28BB04204D0E5800566D53 /* Build configuration list for PBXNativeTarget "TinderUITests" */ = {
			isa = XCConfigurationList;
			buildConfigurations = (
				7E28BB05204D0E5800566D53 /* Debug */,
				7E28BB06204D0E5800566D53 /* Release */,
			);
			defaultConfigurationIsVisible = 0;
		};
/* End XCConfigurationList section */
	};
	rootObject = 7E28BACE204D0E5800566D53 /* Project object */;
}
